
Microsoft Visual Studio Solution File, Format Version 12.00
# Visual Studio 14
VisualStudioVersion = 14.0.25420.1
MinimumVisualStudioVersion = 10.0.40219.1
Project("{FAE04EC0-301F-11D3-BF4B-00C04F79EFBC}") = "GenerSoft.IndApp.DeviceMonitoring", "DeviceMonitoring\GenerSoft.IndApp.DeviceMonitoring.csproj", "{250A5F00-D47B-4357-8615-7B46A671D936}"
EndProject
Project("{FAE04EC0-301F-11D3-BF4B-00C04F79EFBC}") = "GenerSoft.IndApp.User", "User\GenerSoft.IndApp.User.csproj", "{111614A4-A807-4165-85A6-98132B933EAF}"
EndProject
Project("{FAE04EC0-301F-11D3-BF4B-00C04F79EFBC}") = "GenerSoft.IndApp.UserBLL", "UserBLL\GenerSoft.IndApp.UserBLL.csproj", "{D16386C7-0599-40A6-8238-60B0D7FA9D3F}"
EndProject
Project("{FAE04EC0-301F-11D3-BF4B-00C04F79EFBC}") = "GenerSoft.IndApp.DeviceMonitoringBLL", "DeviceMonitoringBLL\GenerSoft.IndApp.DeviceMonitoringBLL.csproj", "{ACDC85E7-3DBE-45BE-B035-93FBD7A80FE9}"
EndProject
Project("{FAE04EC0-301F-11D3-BF4B-00C04F79EFBC}") = "GenerSoft.IndApp.DeviceMonitoringDAL", "DeviceMonitoringDAL\GenerSoft.IndApp.DeviceMonitoringDAL.csproj", "{B8FB93CC-C118-4D8B-82E2-6C5B4948A92B}"
EndProject
Project("{FAE04EC0-301F-11D3-BF4B-00C04F79EFBC}") = "GenerSoft.IndApp.UserDAL", "UserDAL\GenerSoft.IndApp.UserDAL.csproj", "{334C13AF-2C33-466E-8A59-9CFF1782DA8A}"
EndProject
Project("{FAE04EC0-301F-11D3-BF4B-00C04F79EFBC}") = "GenerSoft.IndApp.Common", "Common\GenerSoft.IndApp.Common.csproj", "{7DAEB732-CDDA-4BE3-ACB1-F8A3B69A6738}"
EndProject
Project("{2150E333-8FDC-42A3-9474-1A3956D46DE8}") = "Common", "Common", "{D79BA531-3AA6-4D6B-9CEF-37375BF77B9F}"
EndProject
Project("{2150E333-8FDC-42A3-9474-1A3956D46DE8}") = "DAL", "DAL", "{160495DE-20B0-49EF-89AC-DD4D83E8BD53}"
EndProject
Project("{2150E333-8FDC-42A3-9474-1A3956D46DE8}") = "BLL", "BLL", "{ABE4CBA7-6C72-4F36-9CEA-500AF9CAA4CD}"
EndProject
Project("{2150E333-8FDC-42A3-9474-1A3956D46DE8}") = "WebAPI", "WebAPI", "{9A01EF69-E8AF-495C-946C-3A6F136F3C0B}"
EndProject
Project("{FAE04EC0-301F-11D3-BF4B-00C04F79EFBC}") = "GenerSoft.IndApp.Upload", "GenerSoft.IndApp.Upload\GenerSoft.IndApp.Upload.csproj", "{247CB753-FEA9-4CFF-A364-3AB4B829698D}"
EndProject
Project("{FAE04EC0-301F-11D3-BF4B-00C04F79EFBC}") = "GenerSoft.IndApp.WebApiFilterAttr", "GenerSoft.IndApp.WebApiFilterAttr\GenerSoft.IndApp.WebApiFilterAttr.csproj", "{197A910B-23F2-4CA1-A10A-1EA213932BD0}"
EndProject
Project("{FAE04EC0-301F-11D3-BF4B-00C04F79EFBC}") = "GenerSoft.IndApp.Redis", "GenerSoft.IndApp.Redis\GenerSoft.IndApp.Redis.csproj", "{E96211A9-CFDF-4B00-A8C6-8DFB7F04E43B}"
EndProject
Project("{FAE04EC0-301F-11D3-BF4B-00C04F79EFBC}") = "GenerSoft.IndApp.AutoMapper", "GenerSoft.IndApp.AutoMapper\GenerSoft.IndApp.AutoMapper.csproj", "{0685A4B8-87FB-43AA-B43B-FB9C1F320E9B}"
EndProject
Project("{FAE04EC0-301F-11D3-BF4B-00C04F79EFBC}") = "GenerSoft.IndApp.CommonSdk", "GenerSoft.IndApp.CommonSdk\GenerSoft.IndApp.CommonSdk.csproj", "{9E5FD4C4-663A-4BF6-B47F-F03DF0DBE3C3}"
EndProject
Project("{2150E333-8FDC-42A3-9474-1A3956D46DE8}") = "IoTHub", "IoTHub", "{BB9DD844-FAA7-45D8-B375-12242EEC3AFC}"
EndProject
Project("{FAE04EC0-301F-11D3-BF4B-00C04F79EFBC}") = "Baidu.IoT.Hub", "Baidu.IoT.Hub\Baidu.IoT.Hub.csproj", "{B5724006-17B7-4506-A57A-9CB2DC79AEE8}"
EndProject
Project("{2150E333-8FDC-42A3-9474-1A3956D46DE8}") = "OpenTSDB", "OpenTSDB", "{E798A053-D510-4827-9641-C136EAA69B30}"
EndProject
Project("{FAE04EC0-301F-11D3-BF4B-00C04F79EFBC}") = "GenerSoft.OpenTSDB.Client", "GenerSoft.OpenTSDB.Client\GenerSoft.OpenTSDB.Client.csproj", "{AA6C3D4B-F212-452F-8E19-1CC4F23B1BFD}"
EndProject
Project("{FAE04EC0-301F-11D3-BF4B-00C04F79EFBC}") = "GenerSoft.TestOpenTSDBClient", "GenerSoft.TestOpenTSDBClient\GenerSoft.TestOpenTSDBClient.csproj", "{CB5F4854-C8C4-4F7C-A8D5-821D7B415887}"
EndProject
Project("{FAE04EC0-301F-11D3-BF4B-00C04F79EFBC}") = "GenerSoft.IndApp.AlertPoliciesDAL", "GenerSoft.IndApp.AlertPoliciesDAL\GenerSoft.IndApp.AlertPoliciesDAL.csproj", "{9D961905-4A1E-4EC0-949E-FC9196C9F37F}"
EndProject
Project("{FAE04EC0-301F-11D3-BF4B-00C04F79EFBC}") = "GenerSoft.IndApp.AlertPoliciesBLL", "GenerSoft.IndApp.AlertPoliciesBLL\GenerSoft.IndApp.AlertPoliciesBLL.csproj", "{D27E142A-86C9-45B7-80DD-43F6D6CF24C5}"
EndProject
Project("{FAE04EC0-301F-11D3-BF4B-00C04F79EFBC}") = "GenerSoft.IndApp.AlertPolicies", "GenerSoft.IndApp.AlertPolicies\GenerSoft.IndApp.AlertPolicies.csproj", "{F50F7686-FA27-46F7-B051-68A44D9AB388}"
EndProject
Project("{FAE04EC0-301F-11D3-BF4B-00C04F79EFBC}") = "GenerSoft.MQTT.Client", "GenerSoft.MQTT.Client\GenerSoft.MQTT.Client.csproj", "{18E04A17-A18D-4396-ADF7-E31A2578B4CE}"
EndProject
Project("{2150E333-8FDC-42A3-9474-1A3956D46DE8}") = "MySql", "MySql", "{5CFA5825-AB4E-4AE6-9348-7865D0D83B1E}"
	ProjectSection(SolutionItems) = preProject
		DeviceMonitoringBLL\DeviceDataBLL.cs = DeviceMonitoringBLL\DeviceDataBLL.cs
	EndProjectSection
EndProject
Project("{FAE04EC0-301F-11D3-BF4B-00C04F79EFBC}") = "GenerSoft.TestMySqlClient", "GenerSoft.TestMySqlClient\GenerSoft.TestMySqlClient.csproj", "{3E599E0B-1705-4791-9B6D-A7F1334DB832}"
EndProject
Global
	GlobalSection(SolutionConfigurationPlatforms) = preSolution
		Debug|Any CPU = Debug|Any CPU
		Release|Any CPU = Release|Any CPU
	EndGlobalSection
	GlobalSection(ProjectConfigurationPlatforms) = postSolution
		{250A5F00-D47B-4357-8615-7B46A671D936}.Debug|Any CPU.ActiveCfg = Debug|Any CPU
		{250A5F00-D47B-4357-8615-7B46A671D936}.Debug|Any CPU.Build.0 = Debug|Any CPU
		{250A5F00-D47B-4357-8615-7B46A671D936}.Release|Any CPU.ActiveCfg = Release|Any CPU
		{250A5F00-D47B-4357-8615-7B46A671D936}.Release|Any CPU.Build.0 = Release|Any CPU
		{111614A4-A807-4165-85A6-98132B933EAF}.Debug|Any CPU.ActiveCfg = Debug|Any CPU
		{111614A4-A807-4165-85A6-98132B933EAF}.Debug|Any CPU.Build.0 = Debug|Any CPU
		{111614A4-A807-4165-85A6-98132B933EAF}.Release|Any CPU.ActiveCfg = Release|Any CPU
		{111614A4-A807-4165-85A6-98132B933EAF}.Release|Any CPU.Build.0 = Release|Any CPU
		{D16386C7-0599-40A6-8238-60B0D7FA9D3F}.Debug|Any CPU.ActiveCfg = Debug|Any CPU
		{D16386C7-0599-40A6-8238-60B0D7FA9D3F}.Debug|Any CPU.Build.0 = Debug|Any CPU
		{D16386C7-0599-40A6-8238-60B0D7FA9D3F}.Release|Any CPU.ActiveCfg = Release|Any CPU
		{D16386C7-0599-40A6-8238-60B0D7FA9D3F}.Release|Any CPU.Build.0 = Release|Any CPU
		{ACDC85E7-3DBE-45BE-B035-93FBD7A80FE9}.Debug|Any CPU.ActiveCfg = Debug|Any CPU
		{ACDC85E7-3DBE-45BE-B035-93FBD7A80FE9}.Debug|Any CPU.Build.0 = Debug|Any CPU
		{ACDC85E7-3DBE-45BE-B035-93FBD7A80FE9}.Release|Any CPU.ActiveCfg = Release|Any CPU
		{ACDC85E7-3DBE-45BE-B035-93FBD7A80FE9}.Release|Any CPU.Build.0 = Release|Any CPU
		{B8FB93CC-C118-4D8B-82E2-6C5B4948A92B}.Debug|Any CPU.ActiveCfg = Debug|Any CPU
		{B8FB93CC-C118-4D8B-82E2-6C5B4948A92B}.Debug|Any CPU.Build.0 = Debug|Any CPU
		{B8FB93CC-C118-4D8B-82E2-6C5B4948A92B}.Release|Any CPU.ActiveCfg = Release|Any CPU
		{B8FB93CC-C118-4D8B-82E2-6C5B4948A92B}.Release|Any CPU.Build.0 = Release|Any CPU
		{334C13AF-2C33-466E-8A59-9CFF1782DA8A}.Debug|Any CPU.ActiveCfg = Debug|Any CPU
		{334C13AF-2C33-466E-8A59-9CFF1782DA8A}.Debug|Any CPU.Build.0 = Debug|Any CPU
		{334C13AF-2C33-466E-8A59-9CFF1782DA8A}.Release|Any CPU.ActiveCfg = Release|Any CPU
		{334C13AF-2C33-466E-8A59-9CFF1782DA8A}.Release|Any CPU.Build.0 = Release|Any CPU
		{7DAEB732-CDDA-4BE3-ACB1-F8A3B69A6738}.Debug|Any CPU.ActiveCfg = Debug|Any CPU
		{7DAEB732-CDDA-4BE3-ACB1-F8A3B69A6738}.Debug|Any CPU.Build.0 = Debug|Any CPU
		{7DAEB732-CDDA-4BE3-ACB1-F8A3B69A6738}.Release|Any CPU.ActiveCfg = Release|Any CPU
		{7DAEB732-CDDA-4BE3-ACB1-F8A3B69A6738}.Release|Any CPU.Build.0 = Release|Any CPU
		{247CB753-FEA9-4CFF-A364-3AB4B829698D}.Debug|Any CPU.ActiveCfg = Debug|Any CPU
		{247CB753-FEA9-4CFF-A364-3AB4B829698D}.Debug|Any CPU.Build.0 = Debug|Any CPU
		{247CB753-FEA9-4CFF-A364-3AB4B829698D}.Release|Any CPU.ActiveCfg = Release|Any CPU
		{247CB753-FEA9-4CFF-A364-3AB4B829698D}.Release|Any CPU.Build.0 = Release|Any CPU
		{197A910B-23F2-4CA1-A10A-1EA213932BD0}.Debug|Any CPU.ActiveCfg = Debug|Any CPU
		{197A910B-23F2-4CA1-A10A-1EA213932BD0}.Debug|Any CPU.Build.0 = Debug|Any CPU
		{197A910B-23F2-4CA1-A10A-1EA213932BD0}.Release|Any CPU.ActiveCfg = Release|Any CPU
		{197A910B-23F2-4CA1-A10A-1EA213932BD0}.Release|Any CPU.Build.0 = Release|Any CPU
		{E96211A9-CFDF-4B00-A8C6-8DFB7F04E43B}.Debug|Any CPU.ActiveCfg = Debug|Any CPU
		{E96211A9-CFDF-4B00-A8C6-8DFB7F04E43B}.Debug|Any CPU.Build.0 = Debug|Any CPU
		{E96211A9-CFDF-4B00-A8C6-8DFB7F04E43B}.Release|Any CPU.ActiveCfg = Release|Any CPU
		{E96211A9-CFDF-4B00-A8C6-8DFB7F04E43B}.Release|Any CPU.Build.0 = Release|Any CPU
		{0685A4B8-87FB-43AA-B43B-FB9C1F320E9B}.Debug|Any CPU.ActiveCfg = Debug|Any CPU
		{0685A4B8-87FB-43AA-B43B-FB9C1F320E9B}.Debug|Any CPU.Build.0 = Debug|Any CPU
		{0685A4B8-87FB-43AA-B43B-FB9C1F320E9B}.Release|Any CPU.ActiveCfg = Release|Any CPU
		{0685A4B8-87FB-43AA-B43B-FB9C1F320E9B}.Release|Any CPU.Build.0 = Release|Any CPU
		{9E5FD4C4-663A-4BF6-B47F-F03DF0DBE3C3}.Debug|Any CPU.ActiveCfg = Debug|Any CPU
		{9E5FD4C4-663A-4BF6-B47F-F03DF0DBE3C3}.Debug|Any CPU.Build.0 = Debug|Any CPU
		{9E5FD4C4-663A-4BF6-B47F-F03DF0DBE3C3}.Release|Any CPU.ActiveCfg = Release|Any CPU
		{9E5FD4C4-663A-4BF6-B47F-F03DF0DBE3C3}.Release|Any CPU.Build.0 = Release|Any CPU
		{B5724006-17B7-4506-A57A-9CB2DC79AEE8}.Debug|Any CPU.ActiveCfg = Debug|Any CPU
		{B5724006-17B7-4506-A57A-9CB2DC79AEE8}.Debug|Any CPU.Build.0 = Debug|Any CPU
		{B5724006-17B7-4506-A57A-9CB2DC79AEE8}.Release|Any CPU.ActiveCfg = Release|Any CPU
		{B5724006-17B7-4506-A57A-9CB2DC79AEE8}.Release|Any CPU.Build.0 = Release|Any CPU
		{AA6C3D4B-F212-452F-8E19-1CC4F23B1BFD}.Debug|Any CPU.ActiveCfg = Debug|Any CPU
		{AA6C3D4B-F212-452F-8E19-1CC4F23B1BFD}.Debug|Any CPU.Build.0 = Debug|Any CPU
		{AA6C3D4B-F212-452F-8E19-1CC4F23B1BFD}.Release|Any CPU.ActiveCfg = Release|Any CPU
		{AA6C3D4B-F212-452F-8E19-1CC4F23B1BFD}.Release|Any CPU.Build.0 = Release|Any CPU
		{CB5F4854-C8C4-4F7C-A8D5-821D7B415887}.Debug|Any CPU.ActiveCfg = Debug|Any CPU
		{CB5F4854-C8C4-4F7C-A8D5-821D7B415887}.Debug|Any CPU.Build.0 = Debug|Any CPU
		{CB5F4854-C8C4-4F7C-A8D5-821D7B415887}.Release|Any CPU.ActiveCfg = Release|Any CPU
		{CB5F4854-C8C4-4F7C-A8D5-821D7B415887}.Release|Any CPU.Build.0 = Release|Any CPU
		{9D961905-4A1E-4EC0-949E-FC9196C9F37F}.Debug|Any CPU.ActiveCfg = Debug|Any CPU
		{9D961905-4A1E-4EC0-949E-FC9196C9F37F}.Debug|Any CPU.Build.0 = Debug|Any CPU
		{9D961905-4A1E-4EC0-949E-FC9196C9F37F}.Release|Any CPU.ActiveCfg = Release|Any CPU
		{9D961905-4A1E-4EC0-949E-FC9196C9F37F}.Release|Any CPU.Build.0 = Release|Any CPU
		{D27E142A-86C9-45B7-80DD-43F6D6CF24C5}.Debug|Any CPU.ActiveCfg = Debug|Any CPU
		{D27E142A-86C9-45B7-80DD-43F6D6CF24C5}.Debug|Any CPU.Build.0 = Debug|Any CPU
		{D27E142A-86C9-45B7-80DD-43F6D6CF24C5}.Release|Any CPU.ActiveCfg = Release|Any CPU
		{D27E142A-86C9-45B7-80DD-43F6D6CF24C5}.Release|Any CPU.Build.0 = Release|Any CPU
		{F50F7686-FA27-46F7-B051-68A44D9AB388}.Debug|Any CPU.ActiveCfg = Debug|Any CPU
		{F50F7686-FA27-46F7-B051-68A44D9AB388}.Debug|Any CPU.Build.0 = Debug|Any CPU
		{F50F7686-FA27-46F7-B051-68A44D9AB388}.Release|Any CPU.ActiveCfg = Release|Any CPU
		{F50F7686-FA27-46F7-B051-68A44D9AB388}.Release|Any CPU.Build.0 = Release|Any CPU
		{18E04A17-A18D-4396-ADF7-E31A2578B4CE}.Debug|Any CPU.ActiveCfg = Debug|Any CPU
		{18E04A17-A18D-4396-ADF7-E31A2578B4CE}.Debug|Any CPU.Build.0 = Debug|Any CPU
		{18E04A17-A18D-4396-ADF7-E31A2578B4CE}.Release|Any CPU.ActiveCfg = Release|Any CPU
		{18E04A17-A18D-4396-ADF7-E31A2578B4CE}.Release|Any CPU.Build.0 = Release|Any CPU
		{3E599E0B-1705-4791-9B6D-A7F1334DB832}.Debug|Any CPU.ActiveCfg = Debug|Any CPU
		{3E599E0B-1705-4791-9B6D-A7F1334DB832}.Debug|Any CPU.Build.0 = Debug|Any CPU
		{3E599E0B-1705-4791-9B6D-A7F1334DB832}.Release|Any CPU.ActiveCfg = Release|Any CPU
		{3E599E0B-1705-4791-9B6D-A7F1334DB832}.Release|Any CPU.Build.0 = Release|Any CPU
	EndGlobalSection
	GlobalSection(SolutionProperties) = preSolution
		HideSolutionNode = FALSE
	EndGlobalSection
	GlobalSection(NestedProjects) = preSolution
		{250A5F00-D47B-4357-8615-7B46A671D936} = {9A01EF69-E8AF-495C-946C-3A6F136F3C0B}
		{111614A4-A807-4165-85A6-98132B933EAF} = {9A01EF69-E8AF-495C-946C-3A6F136F3C0B}
		{D16386C7-0599-40A6-8238-60B0D7FA9D3F} = {ABE4CBA7-6C72-4F36-9CEA-500AF9CAA4CD}
		{ACDC85E7-3DBE-45BE-B035-93FBD7A80FE9} = {ABE4CBA7-6C72-4F36-9CEA-500AF9CAA4CD}
		{B8FB93CC-C118-4D8B-82E2-6C5B4948A92B} = {160495DE-20B0-49EF-89AC-DD4D83E8BD53}
		{334C13AF-2C33-466E-8A59-9CFF1782DA8A} = {160495DE-20B0-49EF-89AC-DD4D83E8BD53}
		{7DAEB732-CDDA-4BE3-ACB1-F8A3B69A6738} = {D79BA531-3AA6-4D6B-9CEF-37375BF77B9F}
		{247CB753-FEA9-4CFF-A364-3AB4B829698D} = {9A01EF69-E8AF-495C-946C-3A6F136F3C0B}
		{197A910B-23F2-4CA1-A10A-1EA213932BD0} = {D79BA531-3AA6-4D6B-9CEF-37375BF77B9F}
		{E96211A9-CFDF-4B00-A8C6-8DFB7F04E43B} = {D79BA531-3AA6-4D6B-9CEF-37375BF77B9F}
		{0685A4B8-87FB-43AA-B43B-FB9C1F320E9B} = {D79BA531-3AA6-4D6B-9CEF-37375BF77B9F}
		{9E5FD4C4-663A-4BF6-B47F-F03DF0DBE3C3} = {D79BA531-3AA6-4D6B-9CEF-37375BF77B9F}
		{B5724006-17B7-4506-A57A-9CB2DC79AEE8} = {BB9DD844-FAA7-45D8-B375-12242EEC3AFC}
		{AA6C3D4B-F212-452F-8E19-1CC4F23B1BFD} = {E798A053-D510-4827-9641-C136EAA69B30}
		{CB5F4854-C8C4-4F7C-A8D5-821D7B415887} = {E798A053-D510-4827-9641-C136EAA69B30}
		{9D961905-4A1E-4EC0-949E-FC9196C9F37F} = {160495DE-20B0-49EF-89AC-DD4D83E8BD53}
		{D27E142A-86C9-45B7-80DD-43F6D6CF24C5} = {ABE4CBA7-6C72-4F36-9CEA-500AF9CAA4CD}
		{F50F7686-FA27-46F7-B051-68A44D9AB388} = {9A01EF69-E8AF-495C-946C-3A6F136F3C0B}
		{18E04A17-A18D-4396-ADF7-E31A2578B4CE} = {BB9DD844-FAA7-45D8-B375-12242EEC3AFC}
		{3E599E0B-1705-4791-9B6D-A7F1334DB832} = {5CFA5825-AB4E-4AE6-9348-7865D0D83B1E}
	EndGlobalSection
EndGlobal
